// !$*UTF8*$!
{
	archiveVersion = 1;
	classes = {
	};
	objectVersion = 77;
	objects = {

/* Begin PBXBuildFile section */
		CC6C0A932CC7B5A500405A19 /* FirebaseAuth in Frameworks */ = {isa = PBXBuildFile; productRef = CC6C0A922CC7B5A500405A19 /* FirebaseAuth */; };
		CC6C0A952CC7B5A500405A19 /* FirebaseFirestore in Frameworks */ = {isa = PBXBuildFile; productRef = CC6C0A942CC7B5A500405A19 /* FirebaseFirestore */; };
		CC6C0A972CC7B5A500405A19 /* FirebaseFirestoreCombine-Community in Frameworks */ = {isa = PBXBuildFile; productRef = CC6C0A962CC7B5A500405A19 /* FirebaseFirestoreCombine-Community */; };
/* End PBXBuildFile section */

/* Begin PBXContainerItemProxy section */
		CC6C0A712CC7B16A00405A19 /* PBXContainerItemProxy */ = {
			isa = PBXContainerItemProxy;
			containerPortal = CC6C0A582CC7B16600405A19 /* Project object */;
			proxyType = 1;
			remoteGlobalIDString = CC6C0A5F2CC7B16600405A19;
			remoteInfo = TODO50;
		};
		CC6C0A7B2CC7B16B00405A19 /* PBXContainerItemProxy */ = {
			isa = PBXContainerItemProxy;
			containerPortal = CC6C0A582CC7B16600405A19 /* Project object */;
			proxyType = 1;
			remoteGlobalIDString = CC6C0A5F2CC7B16600405A19;
			remoteInfo = TODO50;
		};
/* End PBXContainerItemProxy section */

/* Begin PBXFileReference section */
		CC6C0A602CC7B16600405A19 /* TODO50.app */ = {isa = PBXFileReference; explicitFileType = wrapper.application; includeInIndex = 0; path = TODO50.app; sourceTree = BUILT_PRODUCTS_DIR; };
		CC6C0A702CC7B16A00405A19 /* TODO50Tests.xctest */ = {isa = PBXFileReference; explicitFileType = wrapper.cfbundle; includeInIndex = 0; path = TODO50Tests.xctest; sourceTree = BUILT_PRODUCTS_DIR; };
		CC6C0A7A2CC7B16B00405A19 /* TODO50UITests.xctest */ = {isa = PBXFileReference; explicitFileType = wrapper.cfbundle; includeInIndex = 0; path = TODO50UITests.xctest; sourceTree = BUILT_PRODUCTS_DIR; };
/* End PBXFileReference section */

/* Begin PBXFileSystemSynchronizedRootGroup section */
		CC6C0A622CC7B16600405A19 /* TODO50 */ = {
			isa = PBXFileSystemSynchronizedRootGroup;
			path = TODO50;
			sourceTree = "<group>";
		};
		CC6C0A732CC7B16A00405A19 /* TODO50Tests */ = {
			isa = PBXFileSystemSynchronizedRootGroup;
			path = TODO50Tests;
			sourceTree = "<group>";
		};
		CC6C0A7D2CC7B16B00405A19 /* TODO50UITests */ = {
			isa = PBXFileSystemSynchronizedRootGroup;
			path = TODO50UITests;
			sourceTree = "<group>";
		};
/* End PBXFileSystemSynchronizedRootGroup section */

/* Begin PBXFrameworksBuildPhase section */
		CC6C0A5D2CC7B16600405A19 /* Frameworks */ = {
			isa = PBXFrameworksBuildPhase;
			buildActionMask = 2147483647;
			files = (
				CC6C0A972CC7B5A500405A19 /* FirebaseFirestoreCombine-Community in Frameworks */,
				CC6C0A932CC7B5A500405A19 /* FirebaseAuth in Frameworks */,
				CC6C0A952CC7B5A500405A19 /* FirebaseFirestore in Frameworks */,
			);
			runOnlyForDeploymentPostprocessing = 0;
		};
		CC6C0A6D2CC7B16A00405A19 /* Frameworks */ = {
			isa = PBXFrameworksBuildPhase;
			buildActionMask = 2147483647;
			files = (
			);
			runOnlyForDeploymentPostprocessing = 0;
		};
		CC6C0A772CC7B16B00405A19 /* Frameworks */ = {
			isa = PBXFrameworksBuildPhase;
			buildActionMask = 2147483647;
			files = (
			);
			runOnlyForDeploymentPostprocessing = 0;
		};
/* End PBXFrameworksBuildPhase section */

/* Begin PBXGroup section */
		CC6C0A572CC7B16600405A19 = {
			isa = PBXGroup;
			children = (
				CC6C0A622CC7B16600405A19 /* TODO50 */,
				CC6C0A732CC7B16A00405A19 /* TODO50Tests */,
				CC6C0A7D2CC7B16B00405A19 /* TODO50UITests */,
				CC6C0A612CC7B16600405A19 /* Products */,
			);
			sourceTree = "<group>";
		};
		CC6C0A612CC7B16600405A19 /* Products */ = {
			isa = PBXGroup;
			children = (
				CC6C0A602CC7B16600405A19 /* TODO50.app */,
				CC6C0A702CC7B16A00405A19 /* TODO50Tests.xctest */,
				CC6C0A7A2CC7B16B00405A19 /* TODO50UITests.xctest */,
			);
			name = Products;
			sourceTree = "<group>";
		};
/* End PBXGroup section */

/* Begin PBXNativeTarget section */
		CC6C0A5F2CC7B16600405A19 /* TODO50 */ = {
			isa = PBXNativeTarget;
			buildConfigurationList = CC6C0A842CC7B16B00405A19 /* Build configuration list for PBXNativeTarget "TODO50" */;
			buildPhases = (
				CC6C0A5C2CC7B16600405A19 /* Sources */,
				CC6C0A5D2CC7B16600405A19 /* Frameworks */,
				CC6C0A5E2CC7B16600405A19 /* Resources */,
			);
			buildRules = (
			);
			dependencies = (
			);
			fileSystemSynchronizedGroups = (
				CC6C0A622CC7B16600405A19 /* TODO50 */,
			);
			name = TODO50;
			packageProductDependencies = (
				CC6C0A922CC7B5A500405A19 /* FirebaseAuth */,
				CC6C0A942CC7B5A500405A19 /* FirebaseFirestore */,
				CC6C0A962CC7B5A500405A19 /* FirebaseFirestoreCombine-Community */,
			);
			productName = TODO50;
			productReference = CC6C0A602CC7B16600405A19 /* TODO50.app */;
			productType = "com.apple.product-type.application";
		};
		CC6C0A6F2CC7B16A00405A19 /* TODO50Tests */ = {
			isa = PBXNativeTarget;
			buildConfigurationList = CC6C0A872CC7B16B00405A19 /* Build configuration list for PBXNativeTarget "TODO50Tests" */;
			buildPhases = (
				CC6C0A6C2CC7B16A00405A19 /* Sources */,
				CC6C0A6D2CC7B16A00405A19 /* Frameworks */,
				CC6C0A6E2CC7B16A00405A19 /* Resources */,
			);
			buildRules = (
			);
			dependencies = (
				CC6C0A722CC7B16A00405A19 /* PBXTargetDependency */,
			);
			fileSystemSynchronizedGroups = (
				CC6C0A732CC7B16A00405A19 /* TODO50Tests */,
			);
			name = TODO50Tests;
			packageProductDependencies = (
			);
			productName = TODO50Tests;
			productReference = CC6C0A702CC7B16A00405A19 /* TODO50Tests.xctest */;
			productType = "com.apple.product-type.bundle.unit-test";
		};
		CC6C0A792CC7B16B00405A19 /* TODO50UITests */ = {
			isa = PBXNativeTarget;
			buildConfigurationList = CC6C0A8A2CC7B16B00405A19 /* Build configuration list for PBXNativeTarget "TODO50UITests" */;
			buildPhases = (
				CC6C0A762CC7B16B00405A19 /* Sources */,
				CC6C0A772CC7B16B00405A19 /* Frameworks */,
				CC6C0A782CC7B16B00405A19 /* Resources */,
			);
			buildRules = (
			);
			dependencies = (
				CC6C0A7C2CC7B16B00405A19 /* PBXTargetDependency */,
			);
			fileSystemSynchronizedGroups = (
				CC6C0A7D2CC7B16B00405A19 /* TODO50UITests */,
			);
			name = TODO50UITests;
			packageProductDependencies = (
			);
			productName = TODO50UITests;
			productReference = CC6C0A7A2CC7B16B00405A19 /* TODO50UITests.xctest */;
			productType = "com.apple.product-type.bundle.ui-testing";
		};
/* End PBXNativeTarget section */

/* Begin PBXProject section */
		CC6C0A582CC7B16600405A19 /* Project object */ = {
			isa = PBXProject;
			attributes = {
				BuildIndependentTargetsInParallel = 1;
				LastSwiftUpdateCheck = 1600;
				LastUpgradeCheck = 1600;
				TargetAttributes = {
					CC6C0A5F2CC7B16600405A19 = {
						CreatedOnToolsVersion = 16.0;
					};
					CC6C0A6F2CC7B16A00405A19 = {
						CreatedOnToolsVersion = 16.0;
						TestTargetID = CC6C0A5F2CC7B16600405A19;
					};
					CC6C0A792CC7B16B00405A19 = {
						CreatedOnToolsVersion = 16.0;
						TestTargetID = CC6C0A5F2CC7B16600405A19;
					};
				};
			};
			buildConfigurationList = CC6C0A5B2CC7B16600405A19 /* Build configuration list for PBXProject "TODO50" */;
			developmentRegion = en;
			hasScannedForEncodings = 0;
			knownRegions = (
				en,
				Base,
			);
			mainGroup = CC6C0A572CC7B16600405A19;
			minimizedProjectReferenceProxies = 1;
			packageReferences = (
				CC6C0A912CC7B5A500405A19 /* XCRemoteSwiftPackageReference "firebase-ios-sdk" */,
			);
			preferredProjectObjectVersion = 77;
			productRefGroup = CC6C0A612CC7B16600405A19 /* Products */;
			projectDirPath = "";
			projectRoot = "";
			targets = (
				CC6C0A5F2CC7B16600405A19 /* TODO50 */,
				CC6C0A6F2CC7B16A00405A19 /* TODO50Tests */,
				CC6C0A792CC7B16B00405A19 /* TODO50UITests */,
			);
		};
/* End PBXProject section */

/* Begin PBXResourcesBuildPhase section */
		CC6C0A5E2CC7B16600405A19 /* Resources */ = {
			isa = PBXResourcesBuildPhase;
			buildActionMask = 2147483647;
			files = (
			);
			runOnlyForDeploymentPostprocessing = 0;
		};
		CC6C0A6E2CC7B16A00405A19 /* Resources */ = {
			isa = PBXResourcesBuildPhase;
			buildActionMask = 2147483647;
			files = (
			);
			runOnlyForDeploymentPostprocessing = 0;
		};
		CC6C0A782CC7B16B00405A19 /* Resources */ = {
			isa = PBXResourcesBuildPhase;
			buildActionMask = 2147483647;
			files = (
			);
			runOnlyForDeploymentPostprocessing = 0;
		};
/* End PBXResourcesBuildPhase section */

/* Begin PBXSourcesBuildPhase section */
		CC6C0A5C2CC7B16600405A19 /* Sources */ = {
			isa = PBXSourcesBuildPhase;
			buildActionMask = 2147483647;
			files = (
			);
			runOnlyForDeploymentPostprocessing = 0;
		};
		CC6C0A6C2CC7B16A00405A19 /* Sources */ = {
			isa = PBXSourcesBuildPhase;
			buildActionMask = 2147483647;
			files = (
			);
			runOnlyForDeploymentPostprocessing = 0;
		};
		CC6C0A762CC7B16B00405A19 /* Sources */ = {
			isa = PBXSourcesBuildPhase;
			buildActionMask = 2147483647;
			files = (
			);
			runOnlyForDeploymentPostprocessing = 0;
		};
/* End PBXSourcesBuildPhase section */

/* Begin PBXTargetDependency section */
		CC6C0A722CC7B16A00405A19 /* PBXTargetDependency */ = {
			isa = PBXTargetDependency;
			target = CC6C0A5F2CC7B16600405A19 /* TODO50 */;
			targetProxy = CC6C0A712CC7B16A00405A19 /* PBXContainerItemProxy */;
		};
		CC6C0A7C2CC7B16B00405A19 /* PBXTargetDependency */ = {
			isa = PBXTargetDependency;
			target = CC6C0A5F2CC7B16600405A19 /* TODO50 */;
			targetProxy = CC6C0A7B2CC7B16B00405A19 /* PBXContainerItemProxy */;
		};
/* End PBXTargetDependency section */

/* Begin XCBuildConfiguration section */
		CC6C0A822CC7B16B00405A19 /* Debug */ = {
			isa = XCBuildConfiguration;
			buildSettings = {
				ALWAYS_SEARCH_USER_PATHS = NO;
				ASSETCATALOG_COMPILER_GENERATE_SWIFT_ASSET_SYMBOL_EXTENSIONS = YES;
				CLANG_ANALYZER_NONNULL = YES;
				CLANG_ANALYZER_NUMBER_OBJECT_CONVERSION = YES_AGGRESSIVE;
				CLANG_CXX_LANGUAGE_STANDARD = "gnu++20";
				CLANG_ENABLE_MODULES = YES;
				CLANG_ENABLE_OBJC_ARC = YES;
				CLANG_ENABLE_OBJC_WEAK = YES;
				CLANG_WARN_BLOCK_CAPTURE_AUTORELEASING = YES;
				CLANG_WARN_BOOL_CONVERSION = YES;
				CLANG_WARN_COMMA = YES;
				CLANG_WARN_CONSTANT_CONVERSION = YES;
				CLANG_WARN_DEPRECATED_OBJC_IMPLEMENTATIONS = YES;
				CLANG_WARN_DIRECT_OBJC_ISA_USAGE = YES_ERROR;
				CLANG_WARN_DOCUMENTATION_COMMENTS = YES;
				CLANG_WARN_EMPTY_BODY = YES;
				CLANG_WARN_ENUM_CONVERSION = YES;
				CLANG_WARN_INFINITE_RECURSION = YES;
				CLANG_WARN_INT_CONVERSION = YES;
				CLANG_WARN_NON_LITERAL_NULL_CONVERSION = YES;
				CLANG_WARN_OBJC_IMPLICIT_RETAIN_SELF = YES;
				CLANG_WARN_OBJC_LITERAL_CONVERSION = YES;
				CLANG_WARN_OBJC_ROOT_CLASS = YES_ERROR;
				CLANG_WARN_QUOTED_INCLUDE_IN_FRAMEWORK_HEADER = YES;
				CLANG_WARN_RANGE_LOOP_ANALYSIS = YES;
				CLANG_WARN_STRICT_PROTOTYPES = YES;
				CLANG_WARN_SUSPICIOUS_MOVE = YES;
				CLANG_WARN_UNGUARDED_AVAILABILITY = YES_AGGRESSIVE;
				CLANG_WARN_UNREACHABLE_CODE = YES;
				CLANG_WARN__DUPLICATE_METHOD_MATCH = YES;
				COPY_PHASE_STRIP = NO;
				DEBUG_INFORMATION_FORMAT = dwarf;
				ENABLE_STRICT_OBJC_MSGSEND = YES;
				ENABLE_TESTABILITY = YES;
				ENABLE_USER_SCRIPT_SANDBOXING = YES;
				GCC_C_LANGUAGE_STANDARD = gnu17;
				GCC_DYNAMIC_NO_PIC = NO;
				GCC_NO_COMMON_BLOCKS = YES;
				GCC_OPTIMIZATION_LEVEL = 0;
				GCC_PREPROCESSOR_DEFINITIONS = (
					"DEBUG=1",
					"$(inherited)",
				);
				GCC_WARN_64_TO_32_BIT_CONVERSION = YES;
				GCC_WARN_ABOUT_RETURN_TYPE = YES_ERROR;
				GCC_WARN_UNDECLARED_SELECTOR = YES;
				GCC_WARN_UNINITIALIZED_AUTOS = YES_AGGRESSIVE;
				GCC_WARN_UNUSED_FUNCTION = YES;
				GCC_WARN_UNUSED_VARIABLE = YES;
				IPHONEOS_DEPLOYMENT_TARGET = 18.0;
				LOCALIZATION_PREFERS_STRING_CATALOGS = YES;
				MTL_ENABLE_DEBUG_INFO = INCLUDE_SOURCE;
				MTL_FAST_MATH = YES;
				ONLY_ACTIVE_ARCH = YES;
				SDKROOT = iphoneos;
				SWIFT_ACTIVE_COMPILATION_CONDITIONS = "DEBUG $(inherited)";
				SWIFT_OPTIMIZATION_LEVEL = "-Onone";
			};
			name = Debug;
		};
		CC6C0A832CC7B16B00405A19 /* Release */ = {
			isa = XCBuildConfiguration;
			buildSettings = {
				ALWAYS_SEARCH_USER_PATHS = NO;
				ASSETCATALOG_COMPILER_GENERATE_SWIFT_ASSET_SYMBOL_EXTENSIONS = YES;
				CLANG_ANALYZER_NONNULL = YES;
				CLANG_ANALYZER_NUMBER_OBJECT_CONVERSION = YES_AGGRESSIVE;
				CLANG_CXX_LANGUAGE_STANDARD = "gnu++20";
				CLANG_ENABLE_MODULES = YES;
				CLANG_ENABLE_OBJC_ARC = YES;
				CLANG_ENABLE_OBJC_WEAK = YES;
				CLANG_WARN_BLOCK_CAPTURE_AUTORELEASING = YES;
				CLANG_WARN_BOOL_CONVERSION = YES;
				CLANG_WARN_COMMA = YES;
				CLANG_WARN_CONSTANT_CONVERSION = YES;
				CLANG_WARN_DEPRECATED_OBJC_IMPLEMENTATIONS = YES;
				CLANG_WARN_DIRECT_OBJC_ISA_USAGE = YES_ERROR;
				CLANG_WARN_DOCUMENTATION_COMMENTS = YES;
				CLANG_WARN_EMPTY_BODY = YES;
				CLANG_WARN_ENUM_CONVERSION = YES;
				CLANG_WARN_INFINITE_RECURSION = YES;
				CLANG_WARN_INT_CONVERSION = YES;
				CLANG_WARN_NON_LITERAL_NULL_CONVERSION = YES;
				CLANG_WARN_OBJC_IMPLICIT_RETAIN_SELF = YES;
				CLANG_WARN_OBJC_LITERAL_CONVERSION = YES;
				CLANG_WARN_OBJC_ROOT_CLASS = YES_ERROR;
				CLANG_WARN_QUOTED_INCLUDE_IN_FRAMEWORK_HEADER = YES;
				CLANG_WARN_RANGE_LOOP_ANALYSIS = YES;
				CLANG_WARN_STRICT_PROTOTYPES = YES;
				CLANG_WARN_SUSPICIOUS_MOVE = YES;
				CLANG_WARN_UNGUARDED_AVAILABILITY = YES_AGGRESSIVE;
				CLANG_WARN_UNREACHABLE_CODE = YES;
				CLANG_WARN__DUPLICATE_METHOD_MATCH = YES;
				COPY_PHASE_STRIP = NO;
				DEBUG_INFORMATION_FORMAT = "dwarf-with-dsym";
				ENABLE_NS_ASSERTIONS = NO;
				ENABLE_STRICT_OBJC_MSGSEND = YES;
				ENABLE_USER_SCRIPT_SANDBOXING = YES;
				GCC_C_LANGUAGE_STANDARD = gnu17;
				GCC_NO_COMMON_BLOCKS = YES;
				GCC_WARN_64_TO_32_BIT_CONVERSION = YES;
				GCC_WARN_ABOUT_RETURN_TYPE = YES_ERROR;
				GCC_WARN_UNDECLARED_SELECTOR = YES;
				GCC_WARN_UNINITIALIZED_AUTOS = YES_AGGRESSIVE;
				GCC_WARN_UNUSED_FUNCTION = YES;
				GCC_WARN_UNUSED_VARIABLE = YES;
				IPHONEOS_DEPLOYMENT_TARGET = 18.0;
				LOCALIZATION_PREFERS_STRING_CATALOGS = YES;
				MTL_ENABLE_DEBUG_INFO = NO;
				MTL_FAST_MATH = YES;
				SDKROOT = iphoneos;
				SWIFT_COMPILATION_MODE = wholemodule;
				VALIDATE_PRODUCT = YES;
			};
			name = Release;
		};
		CC6C0A852CC7B16B00405A19 /* Debug */ = {
			isa = XCBuildConfiguration;
			buildSettings = {
				ASSETCATALOG_COMPILER_APPICON_NAME = AppIcon;
				ASSETCATALOG_COMPILER_GLOBAL_ACCENT_COLOR_NAME = AccentColor;
				CODE_SIGN_STYLE = Automatic;
				CURRENT_PROJECT_VERSION = 1;
				DEVELOPMENT_ASSET_PATHS = "\"TODO50/Preview Content\"";
				DEVELOPMENT_TEAM = 4LF49CXB99;
				ENABLE_PREVIEWS = YES;
				GENERATE_INFOPLIST_FILE = YES;
				INFOPLIST_KEY_CFBundleDisplayName = TODO50;
				INFOPLIST_KEY_LSApplicationCategoryType = "public.app-category.utilities";
				INFOPLIST_KEY_UIApplicationSceneManifest_Generation = YES;
				INFOPLIST_KEY_UIApplicationSupportsIndirectInputEvents = YES;
				INFOPLIST_KEY_UILaunchScreen_Generation = YES;
				INFOPLIST_KEY_UIRequiresFullScreen = YES;
				INFOPLIST_KEY_UISupportedInterfaceOrientations = UIInterfaceOrientationPortrait;
				LD_RUNPATH_SEARCH_PATHS = (
					"$(inherited)",
					"@executable_path/Frameworks",
				);
				MARKETING_VERSION = 1.0;
				PRODUCT_BUNDLE_IDENTIFIER = JP.TODO50;
				PRODUCT_NAME = "$(TARGET_NAME)";
				SWIFT_EMIT_LOC_STRINGS = YES;
				SWIFT_VERSION = 5.0;
				TARGETED_DEVICE_FAMILY = "1,2";
			};
			name = Debug;
		};
		CC6C0A862CC7B16B00405A19 /* Release */ = {
			isa = XCBuildConfiguration;
			buildSettings = {
				ASSETCATALOG_COMPILER_APPICON_NAME = AppIcon;
				ASSETCATALOG_COMPILER_GLOBAL_ACCENT_COLOR_NAME = AccentColor;
				CODE_SIGN_STYLE = Automatic;
				CURRENT_PROJECT_VERSION = 1;
				DEVELOPMENT_ASSET_PATHS = "\"TODO50/Preview Content\"";
				DEVELOPMENT_TEAM = 4LF49CXB99;
				ENABLE_PREVIEWS = YES;
				GENERATE_INFOPLIST_FILE = YES;
				INFOPLIST_KEY_CFBundleDisplayName = TODO50;
				INFOPLIST_KEY_LSApplicationCategoryType = "public.app-category.utilities";
				INFOPLIST_KEY_UIApplicationSceneManifest_Generation = YES;
				INFOPLIST_KEY_UIApplicationSupportsIndirectInputEvents = YES;
				INFOPLIST_KEY_UILaunchScreen_Generation = YES;
				INFOPLIST_KEY_UIRequiresFullScreen = YES;
				INFOPLIST_KEY_UISupportedInterfaceOrientations = UIInterfaceOrientationPortrait;
				LD_RUNPATH_SEARCH_PATHS = (
					"$(inherited)",
					"@executable_path/Frameworks",
				);
				MARKETING_VERSION = 1.0;
				PRODUCT_BUNDLE_IDENTIFIER = JP.TODO50;
				PRODUCT_NAME = "$(TARGET_NAME)";
				SWIFT_EMIT_LOC_STRINGS = YES;
				SWIFT_VERSION = 5.0;
				TARGETED_DEVICE_FAMILY = "1,2";
			};
			name = Release;
		};
		CC6C0A882CC7B16B00405A19 /* Debug */ = {
			isa = XCBuildConfiguration;
			buildSettings = {
				BUNDLE_LOADER = "$(TEST_HOST)";
				CODE_SIGN_STYLE = Automatic;
				CURRENT_PROJECT_VERSION = 1;
				GENERATE_INFOPLIST_FILE = YES;
				IPHONEOS_DEPLOYMENT_TARGET = 18.0;
				MARKETING_VERSION = 1.0;
				PRODUCT_BUNDLE_IDENTIFIER = JP.TODO50Tests;
				PRODUCT_NAME = "$(TARGET_NAME)";
				SWIFT_EMIT_LOC_STRINGS = NO;
				SWIFT_VERSION = 5.0;
				TARGETED_DEVICE_FAMILY = "1,2";
				TEST_HOST = "$(BUILT_PRODUCTS_DIR)/TODO50.app/$(BUNDLE_EXECUTABLE_FOLDER_PATH)/TODO50";
			};
			name = Debug;
		};
		CC6C0A892CC7B16B00405A19 /* Release */ = {
			isa = XCBuildConfiguration;
			buildSettings = {
				BUNDLE_LOADER = "$(TEST_HOST)";
				CODE_SIGN_STYLE = Automatic;
				CURRENT_PROJECT_VERSION = 1;
				GENERATE_INFOPLIST_FILE = YES;
				IPHONEOS_DEPLOYMENT_TARGET = 18.0;
				MARKETING_VERSION = 1.0;
				PRODUCT_BUNDLE_IDENTIFIER = JP.TODO50Tests;
				PRODUCT_NAME = "$(TARGET_NAME)";
				SWIFT_EMIT_LOC_STRINGS = NO;
				SWIFT_VERSION = 5.0;
				TARGETED_DEVICE_FAMILY = "1,2";
				TEST_HOST = "$(BUILT_PRODUCTS_DIR)/TODO50.app/$(BUNDLE_EXECUTABLE_FOLDER_PATH)/TODO50";
			};
			name = Release;
		};
		CC6C0A8B2CC7B16B00405A19 /* Debug */ = {
			isa = XCBuildConfiguration;
			buildSettings = {
				CODE_SIGN_STYLE = Automatic;
				CURRENT_PROJECT_VERSION = 1;
				GENERATE_INFOPLIST_FILE = YES;
				MARKETING_VERSION = 1.0;
				PRODUCT_BUNDLE_IDENTIFIER = JP.TODO50UITests;
				PRODUCT_NAME = "$(TARGET_NAME)";
				SWIFT_EMIT_LOC_STRINGS = NO;
				SWIFT_VERSION = 5.0;
				TARGETED_DEVICE_FAMILY = "1,2";
				TEST_TARGET_NAME = TODO50;
			};
			name = Debug;
		};
		CC6C0A8C2CC7B16B00405A19 /* Release */ = {
			isa = XCBuildConfiguration;
			buildSettings = {
				CODE_SIGN_STYLE = Automatic;
				CURRENT_PROJECT_VERSION = 1;
				GENERATE_INFOPLIST_FILE = YES;
				MARKETING_VERSION = 1.0;
				PRODUCT_BUNDLE_IDENTIFIER = JP.TODO50UITests;
				PRODUCT_NAME = "$(TARGET_NAME)";
				SWIFT_EMIT_LOC_STRINGS = NO;
				SWIFT_VERSION = 5.0;
				TARGETED_DEVICE_FAMILY = "1,2";
				TEST_TARGET_NAME = TODO50;
			};
			name = Release;
		};
/* End XCBuildConfiguration section */

/* Begin XCConfigurationList section */
		CC6C0A5B2CC7B16600405A19 /* Build configuration list for PBXProject "TODO50" */ = {
			isa = XCConfigurationList;
			buildConfigurations = (
				CC6C0A822CC7B16B00405A19 /* Debug */,
				CC6C0A832CC7B16B00405A19 /* Release */,
			);
			defaultConfigurationIsVisible = 0;
			defaultConfigurationName = Release;
		};
		CC6C0A842CC7B16B00405A19 /* Build configuration list for PBXNativeTarget "TODO50" */ = {
			isa = XCConfigurationList;
			buildConfigurations = (
				CC6C0A852CC7B16B00405A19 /* Debug */,
				CC6C0A862CC7B16B00405A19 /* Release */,
			);
			defaultConfigurationIsVisible = 0;
			defaultConfigurationName = Release;
		};
		CC6C0A872CC7B16B00405A19 /* Build configuration list for PBXNativeTarget "TODO50Tests" */ = {
			isa = XCConfigurationList;
			buildConfigurations = (
				CC6C0A882CC7B16B00405A19 /* Debug */,
				CC6C0A892CC7B16B00405A19 /* Release */,
			);
			defaultConfigurationIsVisible = 0;
			defaultConfigurationName = Release;
		};
		CC6C0A8A2CC7B16B00405A19 /* Build configuration list for PBXNativeTarget "TODO50UITests" */ = {
			isa = XCConfigurationList;
			buildConfigurations = (
				CC6C0A8B2CC7B16B00405A19 /* Debug */,
				CC6C0A8C2CC7B16B00405A19 /* Release */,
			);
			defaultConfigurationIsVisible = 0;
			defaultConfigurationName = Release;
		};
/* End XCConfigurationList section */

/* Begin XCRemoteSwiftPackageReference section */
		CC6C0A912CC7B5A500405A19 /* XCRemoteSwiftPackageReference "firebase-ios-sdk" */ = {
			isa = XCRemoteSwiftPackageReference;
			repositoryURL = "https://github.com/firebase/firebase-ios-sdk";
			requirement = {
				kind = upToNextMajorVersion;
				minimumVersion = 11.4.0;
			};
		};
/* End XCRemoteSwiftPackageReference section */

/* Begin XCSwiftPackageProductDependency section */
		CC6C0A922CC7B5A500405A19 /* FirebaseAuth */ = {
			isa = XCSwiftPackageProductDependency;
			package = CC6C0A912CC7B5A500405A19 /* XCRemoteSwiftPackageReference "firebase-ios-sdk" */;
			productName = FirebaseAuth;
		};
		CC6C0A942CC7B5A500405A19 /* FirebaseFirestore */ = {
			isa = XCSwiftPackageProductDependency;
			package = CC6C0A912CC7B5A500405A19 /* XCRemoteSwiftPackageReference "firebase-ios-sdk" */;
			productName = FirebaseFirestore;
		};
		CC6C0A962CC7B5A500405A19 /* FirebaseFirestoreCombine-Community */ = {
			isa = XCSwiftPackageProductDependency;
			package = CC6C0A912CC7B5A500405A19 /* XCRemoteSwiftPackageReference "firebase-ios-sdk" */;
			productName = "FirebaseFirestoreCombine-Community";
		};
/* End XCSwiftPackageProductDependency section */
	};
	rootObject = CC6C0A582CC7B16600405A19 /* Project object */;
}
